
Microsoft Visual Studio Solution File, Format Version 12.00
# Visual Studio 15
VisualStudioVersion = 15.0.27130.2010
MinimumVisualStudioVersion = 10.0.40219.1
Project("{FAE04EC0-301F-11D3-BF4B-00C04F79EFBC}") = "MVCTutorial", "MVCTutorial\MVCTutorial.csproj", "{F9E879AD-7E39-479A-884F-EFE6BFAF8EC5}"
EndProject
Global
	GlobalSection(SolutionConfigurationPlatforms) = preSolution
		Debug|Any CPU = Debug|Any CPU
		Release|Any CPU = Release|Any CPU
	EndGlobalSection
	GlobalSection(ProjectConfigurationPlatforms) = postSolution
		{F9E879AD-7E39-479A-884F-EFE6BFAF8EC5}.Debug|Any CPU.ActiveCfg = Debug|Any CPU
		{F9E879AD-7E39-479A-884F-EFE6BFAF8EC5}.Debug|Any CPU.Build.0 = Debug|Any CPU
		{F9E879AD-7E39-479A-884F-EFE6BFAF8EC5}.Release|Any CPU.ActiveCfg = Release|Any CPU
		{F9E879AD-7E39-479A-884F-EFE6BFAF8EC5}.Release|Any CPU.Build.0 = Release|Any CPU
	EndGlobalSection
	GlobalSection(SolutionProperties) = preSolution
		HideSolutionNode = FALSE
	EndGlobalSection
	GlobalSection(ExtensibilityGlobals) = postSolution
		SolutionGuid = {990432E0-1EF1-4D85-AA91-52F281C303A2}
	EndGlobalSection
EndGlobal
